
Microsoft Visual Studio Solution File, Format Version 12.00
# Visual Studio Version 16
VisualStudioVersion = 16.0.30320.27
MinimumVisualStudioVersion = 10.0.40219.1
Project("{FAE04EC0-301F-11D3-BF4B-00C04F79EFBC}") = "Salários", "Salários.csproj", "{C88CC683-053D-417A-9EB3-C06EB7A1E9B4}"
EndProject
Global
	GlobalSection(SolutionConfigurationPlatforms) = preSolution
		Debug|Any CPU = Debug|Any CPU
		Release|Any CPU = Release|Any CPU
	EndGlobalSection
	GlobalSection(ProjectConfigurationPlatforms) = postSolution
		{C88CC683-053D-417A-9EB3-C06EB7A1E9B4}.Debug|Any CPU.ActiveCfg = Debug|Any CPU
		{C88CC683-053D-417A-9EB3-C06EB7A1E9B4}.Debug|Any CPU.Build.0 = Debug|Any CPU
		{C88CC683-053D-417A-9EB3-C06EB7A1E9B4}.Release|Any CPU.ActiveCfg = Release|Any CPU
		{C88CC683-053D-417A-9EB3-C06EB7A1E9B4}.Release|Any CPU.Build.0 = Release|Any CPU
	EndGlobalSection
	GlobalSection(SolutionProperties) = preSolution
		HideSolutionNode = FALSE
	EndGlobalSection
	GlobalSection(ExtensibilityGlobals) = postSolution
		SolutionGuid = {D974E361-1574-47D6-BBB5-56C7D149D2C3}
	EndGlobalSection
EndGlobal
